
Microsoft Visual Studio Solution File, Format Version 12.00
# Visual Studio Version 17
VisualStudioVersion = 17.11.35312.102
MinimumVisualStudioVersion = 10.0.40219.1
Project("{8BC9CEB8-8B4A-11D0-8D11-00A0C91BC942}") = "Niyouton", "Niyouton\Niyouton.vcxproj", "{BF1B9BE8-F0B9-4E8B-9464-6C30E6A19D8E}"
EndProject
Global
	GlobalSection(SolutionConfigurationPlatforms) = preSolution
		Debug|x64 = Debug|x64
		Debug|x86 = Debug|x86
		Release|x64 = Release|x64
		Release|x86 = Release|x86
	EndGlobalSection
	GlobalSection(ProjectConfigurationPlatforms) = postSolution
		{BF1B9BE8-F0B9-4E8B-9464-6C30E6A19D8E}.Debug|x64.ActiveCfg = Debug|x64
		{BF1B9BE8-F0B9-4E8B-9464-6C30E6A19D8E}.Debug|x64.Build.0 = Debug|x64
		{BF1B9BE8-F0B9-4E8B-9464-6C30E6A19D8E}.Debug|x86.ActiveCfg = Debug|Win32
		{BF1B9BE8-F0B9-4E8B-9464-6C30E6A19D8E}.Debug|x86.Build.0 = Debug|Win32
		{BF1B9BE8-F0B9-4E8B-9464-6C30E6A19D8E}.Release|x64.ActiveCfg = Release|x64
		{BF1B9BE8-F0B9-4E8B-9464-6C30E6A19D8E}.Release|x64.Build.0 = Release|x64
		{BF1B9BE8-F0B9-4E8B-9464-6C30E6A19D8E}.Release|x86.ActiveCfg = Release|Win32
		{BF1B9BE8-F0B9-4E8B-9464-6C30E6A19D8E}.Release|x86.Build.0 = Release|Win32
	EndGlobalSection
	GlobalSection(SolutionProperties) = preSolution
		HideSolutionNode = FALSE
	EndGlobalSection
	GlobalSection(ExtensibilityGlobals) = postSolution
		SolutionGuid = {557EFCA2-3B3B-4B02-8E3E-2E5848B18006}
	EndGlobalSection
EndGlobal
